
Microsoft Visual Studio Solution File, Format Version 12.00
# Visual Studio Version 16
VisualStudioVersion = 16.0.30611.23
MinimumVisualStudioVersion = 10.0.40219.1
Project("{FAE04EC0-301F-11D3-BF4B-00C04F79EFBC}") = "MyFirstApp-Lab1", "MyFirstApp-Lab1.csproj", "{60AC8ED0-0FDF-4E43-85FA-D70E4A60E877}"
EndProject
Global
	GlobalSection(SolutionConfigurationPlatforms) = preSolution
		Debug|Any CPU = Debug|Any CPU
		Release|Any CPU = Release|Any CPU
	EndGlobalSection
	GlobalSection(ProjectConfigurationPlatforms) = postSolution
		{60AC8ED0-0FDF-4E43-85FA-D70E4A60E877}.Debug|Any CPU.ActiveCfg = Debug|Any CPU
		{60AC8ED0-0FDF-4E43-85FA-D70E4A60E877}.Debug|Any CPU.Build.0 = Debug|Any CPU
		{60AC8ED0-0FDF-4E43-85FA-D70E4A60E877}.Release|Any CPU.ActiveCfg = Release|Any CPU
		{60AC8ED0-0FDF-4E43-85FA-D70E4A60E877}.Release|Any CPU.Build.0 = Release|Any CPU
	EndGlobalSection
	GlobalSection(SolutionProperties) = preSolution
		HideSolutionNode = FALSE
	EndGlobalSection
	GlobalSection(ExtensibilityGlobals) = postSolution
		SolutionGuid = {AA63529F-CBEE-4AE7-838B-D70FBFE12774}
	EndGlobalSection
EndGlobal
